
Microsoft Visual Studio Solution File, Format Version 12.00
# Visual Studio Version 17
VisualStudioVersion = 17.7.34009.444
MinimumVisualStudioVersion = 10.0.40219.1
Project("{FAE04EC0-301F-11D3-BF4B-00C04F79EFBC}") = "EComm API", "EComm API\EComm API.csproj", "{BCE64D9C-1C9E-4825-B293-5397A7E6287A}"
EndProject
Global
	GlobalSection(SolutionConfigurationPlatforms) = preSolution
		Debug|Any CPU = Debug|Any CPU
		Release|Any CPU = Release|Any CPU
	EndGlobalSection
	GlobalSection(ProjectConfigurationPlatforms) = postSolution
		{BCE64D9C-1C9E-4825-B293-5397A7E6287A}.Debug|Any CPU.ActiveCfg = Debug|Any CPU
		{BCE64D9C-1C9E-4825-B293-5397A7E6287A}.Debug|Any CPU.Build.0 = Debug|Any CPU
		{BCE64D9C-1C9E-4825-B293-5397A7E6287A}.Release|Any CPU.ActiveCfg = Release|Any CPU
		{BCE64D9C-1C9E-4825-B293-5397A7E6287A}.Release|Any CPU.Build.0 = Release|Any CPU
	EndGlobalSection
	GlobalSection(SolutionProperties) = preSolution
		HideSolutionNode = FALSE
	EndGlobalSection
	GlobalSection(ExtensibilityGlobals) = postSolution
		SolutionGuid = {70E0939F-0799-4E9E-9018-0617FF8F7AC1}
	EndGlobalSection
EndGlobal
